
Microsoft Visual Studio Solution File, Format Version 12.00
# Visual Studio Version 16
VisualStudioVersion = 16.0.28803.352
MinimumVisualStudioVersion = 10.0.40219.1
Project("{FAE04EC0-301F-11D3-BF4B-00C04F79EFBC}") = "Display a web maped1", "Display a web maped1.csproj", "{C95F1E60-A224-409A-8FDE-FC02C63CCEE5}"
EndProject
Global
	GlobalSection(SolutionConfigurationPlatforms) = preSolution
		Debug|Any CPU = Debug|Any CPU
		Release|Any CPU = Release|Any CPU
	EndGlobalSection
	GlobalSection(ProjectConfigurationPlatforms) = postSolution
		{C95F1E60-A224-409A-8FDE-FC02C63CCEE5}.Debug|Any CPU.ActiveCfg = Debug|Any CPU
		{C95F1E60-A224-409A-8FDE-FC02C63CCEE5}.Debug|Any CPU.Build.0 = Debug|Any CPU
		{C95F1E60-A224-409A-8FDE-FC02C63CCEE5}.Release|Any CPU.ActiveCfg = Release|Any CPU
		{C95F1E60-A224-409A-8FDE-FC02C63CCEE5}.Release|Any CPU.Build.0 = Release|Any CPU
	EndGlobalSection
	GlobalSection(SolutionProperties) = preSolution
		HideSolutionNode = FALSE
	EndGlobalSection
	GlobalSection(ExtensibilityGlobals) = postSolution
		SolutionGuid = {F514B0A0-C2E6-481E-9ACC-6590B0733318}
	EndGlobalSection
EndGlobal
